<?xml version="1.0" encoding="utf-8"?>
<Project ToolsVersion="4.0" xmlns="http://schemas.microsoft.com/developer/msbuild/2003">
  <ItemGroup>
    <Filter Include="Source Files">
      <UniqueIdentifier>{4FC737F1-C7A5-4376-A066-2A32D752A2FF}</UniqueIdentifier>
      <Extensions>cpp;c;cc;cxx;c++;cppm;ixx;def;odl;idl;hpj;bat;asm;asmx</Extensions>
    </Filter>
    <Filter Include="Header Files">
      <UniqueIdentifier>{93995380-89BD-4b04-88EB-625FBE52EBFB}</UniqueIdentifier>
      <Extensions>h;hh;hpp;hxx;h++;hm;inl;inc;ipp;xsd</Extensions>
    </Filter>
    <Filter Include="Header Files\Checks">
      <UniqueIdentifier>{20a5748d-1b78-4011-bd02-c4a5189205d7}</UniqueIdentifier>
    </Filter>
    <Filter Include="Source Files\Checks">
      <UniqueIdentifier>{b4896889-1f39-4553-a64e-c9355b5f87e9}</UniqueIdentifier>
    </Filter>
    <Filter Include="Header Files\IOCTL">
      <UniqueIdentifier>{508f244f-ed12-4552-aa1c-86998815765b}</UniqueIdentifier>
    </Filter>
    <Filter Include="Source Files\IOCTL">
      <UniqueIdentifier>{d6854165-f6b2-45b0-8df4-78a60375424c}</UniqueIdentifier>
    </Filter>
    <Filter Include="Source Files\App">
      <UniqueIdentifier>{298ea6b6-eee4-455c-996f-1df7f067ede3}</UniqueIdentifier>
    </Filter>
    <Filter Include="Header Files\Utils">
      <UniqueIdentifier>{2ae65a59-9179-469d-b3bb-d8eb3fb269fd}</UniqueIdentifier>
    </Filter>
    <Filter Include="Header Files\App">
      <UniqueIdentifier>{77d4f1f9-327a-4c71-92a0-cf59ebebb7c9}</UniqueIdentifier>
    </Filter>
    <Filter Include="Header Files\Checks\ARP">
      <UniqueIdentifier>{597535f8-520c-420e-aee2-55f1a2be59f2}</UniqueIdentifier>
    </Filter>
    <Filter Include="Header Files\Checks\DISK">
      <UniqueIdentifier>{9146ebae-fbb9-4782-9d25-bef1307adb72}</UniqueIdentifier>
    </Filter>
    <Filter Include="Header Files\Checks\MAC">
      <UniqueIdentifier>{975d57ab-4b28-4bce-8f44-f85b086d14be}</UniqueIdentifier>
    </Filter>
    <Filter Include="Header Files\Checks\Files">
      <UniqueIdentifier>{e7ea9c83-69e5-40a2-a2e0-1f2a90e03ce9}</UniqueIdentifier>
    </Filter>
    <Filter Include="Header Files\Checks\Registry">
      <UniqueIdentifier>{6420f3cb-3627-4ec5-b4d9-2464b3b5993f}</UniqueIdentifier>
    </Filter>
    <Filter Include="Header Files\Checks\SMBIOS">
      <UniqueIdentifier>{4172cc98-b19c-4ffa-92c5-8a0ec4150aa5}</UniqueIdentifier>
    </Filter>
    <Filter Include="Header Files\Checks\TPM">
      <UniqueIdentifier>{66c03576-78b7-45b7-8df3-4ba74f39a612}</UniqueIdentifier>
    </Filter>
    <Filter Include="Header Files\Checks\UsnJrnl">
      <UniqueIdentifier>{d33b354b-6584-4d6c-8eb8-9b7f07c34e6d}</UniqueIdentifier>
    </Filter>
    <Filter Include="Header Files\Checks\Volumes">
      <UniqueIdentifier>{0f49251e-42e4-4b87-bfa5-3045b02b8ed1}</UniqueIdentifier>
    </Filter>
    <Filter Include="Source Files\Checks\ARP">
      <UniqueIdentifier>{bd100393-a043-4830-9a90-d26b38ff6489}</UniqueIdentifier>
    </Filter>
    <Filter Include="Source Files\Checks\DISK">
      <UniqueIdentifier>{cdd39c80-a648-40b4-a161-fd3c41077efc}</UniqueIdentifier>
    </Filter>
    <Filter Include="Source Files\Checks\MAC">
      <UniqueIdentifier>{baecdae3-c51f-4d37-9502-308f61a5a028}</UniqueIdentifier>
    </Filter>
    <Filter Include="Source Files\Checks\Files">
      <UniqueIdentifier>{7ef891d3-014f-4dca-8ab6-f21e4e009b85}</UniqueIdentifier>
    </Filter>
    <Filter Include="Source Files\Checks\Volumes">
      <UniqueIdentifier>{b677c632-bb95-461b-9e19-6b91cda60698}</UniqueIdentifier>
    </Filter>
    <Filter Include="Source Files\Checks\UsnJrnl">
      <UniqueIdentifier>{e1fa886b-0b1e-4767-b80f-1f20c2dec443}</UniqueIdentifier>
    </Filter>
    <Filter Include="Source Files\Checks\TPM">
      <UniqueIdentifier>{023a656b-12cf-4632-9f1a-73950b1ff635}</UniqueIdentifier>
    </Filter>
    <Filter Include="Source Files\Checks\SMBIOS">
      <UniqueIdentifier>{88252fd7-4669-41a4-9e36-bf5f3348b43e}</UniqueIdentifier>
    </Filter>
    <Filter Include="Source Files\Checks\Registry">
      <UniqueIdentifier>{516e7f78-e6bb-48ad-9dc3-fa0327b1b603}</UniqueIdentifier>
    </Filter>
  </ItemGroup>
  <ItemGroup>
    <ClInclude Include="pch.h">
      <Filter>Header Files\App</Filter>
    </ClInclude>
    <ClInclude Include="Colors.h">
      <Filter>Header Files\Utils</Filter>
    </ClInclude>
    <ClInclude Include="IOCTL_Base.h">
      <Filter>Header Files\IOCTL</Filter>
    </ClInclude>
    <ClInclude Include="Utils.h">
      <Filter>Header Files\Utils</Filter>
    </ClInclude>
    <ClInclude Include="Disk.h">
      <Filter>Header Files\Checks\DISK</Filter>
    </ClInclude>
    <ClInclude Include="DiskDefines.h">
      <Filter>Header Files\Checks\DISK</Filter>
    </ClInclude>
    <ClInclude Include="TPM.h">
      <Filter>Header Files\Checks\TPM</Filter>
    </ClInclude>
    <ClInclude Include="UsnJrnl.h">
      <Filter>Header Files\Checks\UsnJrnl</Filter>
    </ClInclude>
    <ClInclude Include="MAC.h">
      <Filter>Header Files\Checks\MAC</Filter>
    </ClInclude>
    <ClInclude Include="ARP.h">
      <Filter>Header Files\Checks\ARP</Filter>
    </ClInclude>
    <ClInclude Include="Volumes.h">
      <Filter>Header Files\Checks\Volumes</Filter>
    </ClInclude>
    <ClInclude Include="VolumesDefines.h">
      <Filter>Header Files\Checks\Volumes</Filter>
    </ClInclude>
    <ClInclude Include="Files.h">
      <Filter>Header Files\Checks\Files</Filter>
    </ClInclude>
    <ClInclude Include="SMBIOS.h">
      <Filter>Header Files\Checks\SMBIOS</Filter>
    </ClInclude>
    <ClInclude Include="SMBIOSDefines.h">
      <Filter>Header Files\Checks\SMBIOS</Filter>
    </ClInclude>
    <ClInclude Include="Registry.h">
      <Filter>Header Files\Checks\Registry</Filter>
    </ClInclude>
  </ItemGroup>
  <ItemGroup>
    <ClCompile Include="SpoofChecker.cpp">
      <Filter>Source Files\App</Filter>
    </ClCompile>
    <ClCompile Include="pch.cpp">
      <Filter>Source Files\App</Filter>
    </ClCompile>
    <ClCompile Include="IOCTL_Base.cpp">
      <Filter>Source Files\IOCTL</Filter>
    </ClCompile>
    <ClCompile Include="Disk.cpp">
      <Filter>Source Files\Checks\DISK</Filter>
    </ClCompile>
    <ClCompile Include="TPM.cpp">
      <Filter>Source Files\Checks\TPM</Filter>
    </ClCompile>
    <ClCompile Include="UsnJrnl.cpp">
      <Filter>Source Files\Checks\UsnJrnl</Filter>
    </ClCompile>
    <ClCompile Include="MAC.cpp">
      <Filter>Source Files\Checks\MAC</Filter>
    </ClCompile>
    <ClCompile Include="ARP.cpp">
      <Filter>Source Files\Checks\ARP</Filter>
    </ClCompile>
    <ClCompile Include="Volumes.cpp">
      <Filter>Source Files\Checks\Volumes</Filter>
    </ClCompile>
    <ClCompile Include="Files.cpp">
      <Filter>Source Files\Checks\Files</Filter>
    </ClCompile>
    <ClCompile Include="SMBIOS.cpp">
      <Filter>Source Files\Checks\SMBIOS</Filter>
    </ClCompile>
    <ClCompile Include="Registry.cpp">
      <Filter>Source Files\Checks\Registry</Filter>
    </ClCompile>
  </ItemGroup>
  <ItemGroup>
    <None Include="..\README.md" />
  </ItemGroup>
</Project>